
Microsoft Visual Studio Solution File, Format Version 12.00
# Visual Studio Version 17
VisualStudioVersion = 17.0.31903.59
MinimumVisualStudioVersion = 10.0.40219.1
Project("{2150E333-8FDC-42A3-9474-1A3956D46DE8}") = "src", "src", "{6FD763EA-2A4F-452C-A98E-2C07647C9B98}"
EndProject
Project("{FAE04EC0-301F-11D3-BF4B-00C04F79EFBC}") = "Terra.Engine", "src\Terra.Engine\Terra.Engine.csproj", "{4E0F702B-65EB-49E3-82CF-65043C4EA261}"
EndProject
Project("{FAE04EC0-301F-11D3-BF4B-00C04F79EFBC}") = "Terra.Behaviors.Default", "src\Terra.Behaviors.Default\Terra.Behaviors.Default.csproj", "{CDF20015-68AF-4D65-AF34-5CFCA311ECBB}"
EndProject
Project("{FAE04EC0-301F-11D3-BF4B-00C04F79EFBC}") = "Terra.Presentation.Text", "src\Terra.Presentation.Text\Terra.Presentation.Text.csproj", "{F28A99D7-C88E-466D-86AD-DD28E45F8202}"
EndProject
Project("{FAE04EC0-301F-11D3-BF4B-00C04F79EFBC}") = "Terra.Console", "src\Terra.Console\Terra.Console.csproj", "{FBE5B988-A411-433F-ACBF-F64F536CC82B}"
EndProject
Project("{2150E333-8FDC-42A3-9474-1A3956D46DE8}") = "tests", "tests", "{6D4B986B-D577-496D-B702-DF10AAA747D7}"
EndProject
Project("{FAE04EC0-301F-11D3-BF4B-00C04F79EFBC}") = "Terra.Engine.Tests", "tests\Terra.Engine.Tests\Terra.Engine.Tests.csproj", "{186C1ED6-0819-46B6-AFE1-B73982BC93E3}"
EndProject
Project("{FAE04EC0-301F-11D3-BF4B-00C04F79EFBC}") = "Terra.Behaviors.Dsl", "src\Terra.Behaviors.Dsl\Terra.Behaviors.Dsl.csproj", "{73B9BE0E-F2E7-44F7-AA2E-22A446477E2F}"
EndProject
Global
	GlobalSection(SolutionConfigurationPlatforms) = preSolution
		Debug|Any CPU = Debug|Any CPU
		Debug|x64 = Debug|x64
		Debug|x86 = Debug|x86
		Release|Any CPU = Release|Any CPU
		Release|x64 = Release|x64
		Release|x86 = Release|x86
	EndGlobalSection
	GlobalSection(ProjectConfigurationPlatforms) = postSolution
		{4E0F702B-65EB-49E3-82CF-65043C4EA261}.Debug|Any CPU.ActiveCfg = Debug|Any CPU
		{4E0F702B-65EB-49E3-82CF-65043C4EA261}.Debug|Any CPU.Build.0 = Debug|Any CPU
		{4E0F702B-65EB-49E3-82CF-65043C4EA261}.Debug|x64.ActiveCfg = Debug|Any CPU
		{4E0F702B-65EB-49E3-82CF-65043C4EA261}.Debug|x64.Build.0 = Debug|Any CPU
		{4E0F702B-65EB-49E3-82CF-65043C4EA261}.Debug|x86.ActiveCfg = Debug|Any CPU
		{4E0F702B-65EB-49E3-82CF-65043C4EA261}.Debug|x86.Build.0 = Debug|Any CPU
		{4E0F702B-65EB-49E3-82CF-65043C4EA261}.Release|Any CPU.ActiveCfg = Release|Any CPU
		{4E0F702B-65EB-49E3-82CF-65043C4EA261}.Release|Any CPU.Build.0 = Release|Any CPU
		{4E0F702B-65EB-49E3-82CF-65043C4EA261}.Release|x64.ActiveCfg = Release|Any CPU
		{4E0F702B-65EB-49E3-82CF-65043C4EA261}.Release|x64.Build.0 = Release|Any CPU
		{4E0F702B-65EB-49E3-82CF-65043C4EA261}.Release|x86.ActiveCfg = Release|Any CPU
		{4E0F702B-65EB-49E3-82CF-65043C4EA261}.Release|x86.Build.0 = Release|Any CPU
		{CDF20015-68AF-4D65-AF34-5CFCA311ECBB}.Debug|Any CPU.ActiveCfg = Debug|Any CPU
		{CDF20015-68AF-4D65-AF34-5CFCA311ECBB}.Debug|Any CPU.Build.0 = Debug|Any CPU
		{CDF20015-68AF-4D65-AF34-5CFCA311ECBB}.Debug|x64.ActiveCfg = Debug|Any CPU
		{CDF20015-68AF-4D65-AF34-5CFCA311ECBB}.Debug|x64.Build.0 = Debug|Any CPU
		{CDF20015-68AF-4D65-AF34-5CFCA311ECBB}.Debug|x86.ActiveCfg = Debug|Any CPU
		{CDF20015-68AF-4D65-AF34-5CFCA311ECBB}.Debug|x86.Build.0 = Debug|Any CPU
		{CDF20015-68AF-4D65-AF34-5CFCA311ECBB}.Release|Any CPU.ActiveCfg = Release|Any CPU
		{CDF20015-68AF-4D65-AF34-5CFCA311ECBB}.Release|Any CPU.Build.0 = Release|Any CPU
		{CDF20015-68AF-4D65-AF34-5CFCA311ECBB}.Release|x64.ActiveCfg = Release|Any CPU
		{CDF20015-68AF-4D65-AF34-5CFCA311ECBB}.Release|x64.Build.0 = Release|Any CPU
		{CDF20015-68AF-4D65-AF34-5CFCA311ECBB}.Release|x86.ActiveCfg = Release|Any CPU
		{CDF20015-68AF-4D65-AF34-5CFCA311ECBB}.Release|x86.Build.0 = Release|Any CPU
		{F28A99D7-C88E-466D-86AD-DD28E45F8202}.Debug|Any CPU.ActiveCfg = Debug|Any CPU
		{F28A99D7-C88E-466D-86AD-DD28E45F8202}.Debug|Any CPU.Build.0 = Debug|Any CPU
		{F28A99D7-C88E-466D-86AD-DD28E45F8202}.Debug|x64.ActiveCfg = Debug|Any CPU
		{F28A99D7-C88E-466D-86AD-DD28E45F8202}.Debug|x64.Build.0 = Debug|Any CPU
		{F28A99D7-C88E-466D-86AD-DD28E45F8202}.Debug|x86.ActiveCfg = Debug|Any CPU
		{F28A99D7-C88E-466D-86AD-DD28E45F8202}.Debug|x86.Build.0 = Debug|Any CPU
		{F28A99D7-C88E-466D-86AD-DD28E45F8202}.Release|Any CPU.ActiveCfg = Release|Any CPU
		{F28A99D7-C88E-466D-86AD-DD28E45F8202}.Release|Any CPU.Build.0 = Release|Any CPU
		{F28A99D7-C88E-466D-86AD-DD28E45F8202}.Release|x64.ActiveCfg = Release|Any CPU
		{F28A99D7-C88E-466D-86AD-DD28E45F8202}.Release|x64.Build.0 = Release|Any CPU
		{F28A99D7-C88E-466D-86AD-DD28E45F8202}.Release|x86.ActiveCfg = Release|Any CPU
		{F28A99D7-C88E-466D-86AD-DD28E45F8202}.Release|x86.Build.0 = Release|Any CPU
		{FBE5B988-A411-433F-ACBF-F64F536CC82B}.Debug|Any CPU.ActiveCfg = Debug|Any CPU
		{FBE5B988-A411-433F-ACBF-F64F536CC82B}.Debug|Any CPU.Build.0 = Debug|Any CPU
		{FBE5B988-A411-433F-ACBF-F64F536CC82B}.Debug|x64.ActiveCfg = Debug|Any CPU
		{FBE5B988-A411-433F-ACBF-F64F536CC82B}.Debug|x64.Build.0 = Debug|Any CPU
		{FBE5B988-A411-433F-ACBF-F64F536CC82B}.Debug|x86.ActiveCfg = Debug|Any CPU
		{FBE5B988-A411-433F-ACBF-F64F536CC82B}.Debug|x86.Build.0 = Debug|Any CPU
		{FBE5B988-A411-433F-ACBF-F64F536CC82B}.Release|Any CPU.ActiveCfg = Release|Any CPU
		{FBE5B988-A411-433F-ACBF-F64F536CC82B}.Release|Any CPU.Build.0 = Release|Any CPU
		{FBE5B988-A411-433F-ACBF-F64F536CC82B}.Release|x64.ActiveCfg = Release|Any CPU
		{FBE5B988-A411-433F-ACBF-F64F536CC82B}.Release|x64.Build.0 = Release|Any CPU
		{FBE5B988-A411-433F-ACBF-F64F536CC82B}.Release|x86.ActiveCfg = Release|Any CPU
		{FBE5B988-A411-433F-ACBF-F64F536CC82B}.Release|x86.Build.0 = Release|Any CPU
		{186C1ED6-0819-46B6-AFE1-B73982BC93E3}.Debug|Any CPU.ActiveCfg = Debug|Any CPU
		{186C1ED6-0819-46B6-AFE1-B73982BC93E3}.Debug|Any CPU.Build.0 = Debug|Any CPU
		{186C1ED6-0819-46B6-AFE1-B73982BC93E3}.Debug|x64.ActiveCfg = Debug|Any CPU
		{186C1ED6-0819-46B6-AFE1-B73982BC93E3}.Debug|x64.Build.0 = Debug|Any CPU
		{186C1ED6-0819-46B6-AFE1-B73982BC93E3}.Debug|x86.ActiveCfg = Debug|Any CPU
		{186C1ED6-0819-46B6-AFE1-B73982BC93E3}.Debug|x86.Build.0 = Debug|Any CPU
		{186C1ED6-0819-46B6-AFE1-B73982BC93E3}.Release|Any CPU.ActiveCfg = Release|Any CPU
		{186C1ED6-0819-46B6-AFE1-B73982BC93E3}.Release|Any CPU.Build.0 = Release|Any CPU
		{186C1ED6-0819-46B6-AFE1-B73982BC93E3}.Release|x64.ActiveCfg = Release|Any CPU
		{186C1ED6-0819-46B6-AFE1-B73982BC93E3}.Release|x64.Build.0 = Release|Any CPU
		{186C1ED6-0819-46B6-AFE1-B73982BC93E3}.Release|x86.ActiveCfg = Release|Any CPU
		{186C1ED6-0819-46B6-AFE1-B73982BC93E3}.Release|x86.Build.0 = Release|Any CPU
		{73B9BE0E-F2E7-44F7-AA2E-22A446477E2F}.Debug|Any CPU.ActiveCfg = Debug|Any CPU
		{73B9BE0E-F2E7-44F7-AA2E-22A446477E2F}.Debug|Any CPU.Build.0 = Debug|Any CPU
		{73B9BE0E-F2E7-44F7-AA2E-22A446477E2F}.Debug|x64.ActiveCfg = Debug|Any CPU
		{73B9BE0E-F2E7-44F7-AA2E-22A446477E2F}.Debug|x64.Build.0 = Debug|Any CPU
		{73B9BE0E-F2E7-44F7-AA2E-22A446477E2F}.Debug|x86.ActiveCfg = Debug|Any CPU
		{73B9BE0E-F2E7-44F7-AA2E-22A446477E2F}.Debug|x86.Build.0 = Debug|Any CPU
		{73B9BE0E-F2E7-44F7-AA2E-22A446477E2F}.Release|Any CPU.ActiveCfg = Release|Any CPU
		{73B9BE0E-F2E7-44F7-AA2E-22A446477E2F}.Release|Any CPU.Build.0 = Release|Any CPU
		{73B9BE0E-F2E7-44F7-AA2E-22A446477E2F}.Release|x64.ActiveCfg = Release|Any CPU
		{73B9BE0E-F2E7-44F7-AA2E-22A446477E2F}.Release|x64.Build.0 = Release|Any CPU
		{73B9BE0E-F2E7-44F7-AA2E-22A446477E2F}.Release|x86.ActiveCfg = Release|Any CPU
		{73B9BE0E-F2E7-44F7-AA2E-22A446477E2F}.Release|x86.Build.0 = Release|Any CPU
	EndGlobalSection
	GlobalSection(SolutionProperties) = preSolution
		HideSolutionNode = FALSE
	EndGlobalSection
	GlobalSection(NestedProjects) = preSolution
		{4E0F702B-65EB-49E3-82CF-65043C4EA261} = {6FD763EA-2A4F-452C-A98E-2C07647C9B98}
		{CDF20015-68AF-4D65-AF34-5CFCA311ECBB} = {6FD763EA-2A4F-452C-A98E-2C07647C9B98}
		{F28A99D7-C88E-466D-86AD-DD28E45F8202} = {6FD763EA-2A4F-452C-A98E-2C07647C9B98}
		{FBE5B988-A411-433F-ACBF-F64F536CC82B} = {6FD763EA-2A4F-452C-A98E-2C07647C9B98}
		{186C1ED6-0819-46B6-AFE1-B73982BC93E3} = {6D4B986B-D577-496D-B702-DF10AAA747D7}
		{73B9BE0E-F2E7-44F7-AA2E-22A446477E2F} = {6FD763EA-2A4F-452C-A98E-2C07647C9B98}
	EndGlobalSection
EndGlobal
